{
  "originHash" : "3ae1b3ff29e44d104886018eed03f5c06fa6b0db91abb7e7bb6c448139708640",
  "pins" : [
    {
      "identity" : "localshortcuts",
      "kind" : "remoteSourceControl",
      "location" : "https://github.com/AryanRogye/LocalShortcuts.git",
      "state" : {
        "branch" : "main",
        "revision" : "c2a355cf39eb4d60839d0e3c3c83324647ec3ff4"
      }
    }
  ],
  "version" : 3
}
